
Microsoft Visual Studio Solution File, Format Version 12.00
# Visual Studio Version 17
VisualStudioVersion = 17.5.002.0
MinimumVisualStudioVersion = 10.0.40219.1
Project("{9A19103F-16F7-4668-BE54-9A1E7A4F7556}") = "TrilhaApiDesafio", "TrilhaApiDesafio.csproj", "{3C3ABAB4-6D2B-4E95-A863-2543D75BC59D}"
EndProject
Global
	GlobalSection(SolutionConfigurationPlatforms) = preSolution
		Debug|Any CPU = Debug|Any CPU
		Release|Any CPU = Release|Any CPU
	EndGlobalSection
	GlobalSection(ProjectConfigurationPlatforms) = postSolution
		{3C3ABAB4-6D2B-4E95-A863-2543D75BC59D}.Debug|Any CPU.ActiveCfg = Debug|Any CPU
		{3C3ABAB4-6D2B-4E95-A863-2543D75BC59D}.Debug|Any CPU.Build.0 = Debug|Any CPU
		{3C3ABAB4-6D2B-4E95-A863-2543D75BC59D}.Release|Any CPU.ActiveCfg = Release|Any CPU
		{3C3ABAB4-6D2B-4E95-A863-2543D75BC59D}.Release|Any CPU.Build.0 = Release|Any CPU
	EndGlobalSection
	GlobalSection(SolutionProperties) = preSolution
		HideSolutionNode = FALSE
	EndGlobalSection
	GlobalSection(ExtensibilityGlobals) = postSolution
		SolutionGuid = {4A983851-E6D0-47DA-8CE0-BEECA898D44D}
	EndGlobalSection
EndGlobal
